
Microsoft Visual Studio Solution File, Format Version 12.00
# Visual Studio 15
VisualStudioVersion = 15.0.27428.2043
MinimumVisualStudioVersion = 10.0.40219.1
Project("{FAE04EC0-301F-11D3-BF4B-00C04F79EFBC}") = "CalculationAndString1", "CalculationAndString1\CalculationAndString1.csproj", "{B8F1B402-9CC3-4A7A-8C5C-A3AB3765296A}"
EndProject
Project("{FAE04EC0-301F-11D3-BF4B-00C04F79EFBC}") = "CalculationAndString2", "CalculationAndString2\CalculationAndString2.csproj", "{49144E11-39F3-40C6-B4B0-2A69338B1888}"
EndProject
Project("{FAE04EC0-301F-11D3-BF4B-00C04F79EFBC}") = "CalculationAndString3", "CalculationAndString3\CalculationAndString3.csproj", "{1490B6CC-B47B-4F7E-A449-74A789C8D038}"
EndProject
Project("{FAE04EC0-301F-11D3-BF4B-00C04F79EFBC}") = "CalculationAndString4", "CalculationAndString4\CalculationAndString4.csproj", "{FA001340-49AE-43CF-9E24-B0726CABC727}"
EndProject
Project("{FAE04EC0-301F-11D3-BF4B-00C04F79EFBC}") = "CalculationAndString5", "CalculationAndString5\CalculationAndString5.csproj", "{0C44F2B3-C559-4C9D-BBB3-6073B9031377}"
EndProject
Global
	GlobalSection(SolutionConfigurationPlatforms) = preSolution
		Debug|Any CPU = Debug|Any CPU
		Release|Any CPU = Release|Any CPU
	EndGlobalSection
	GlobalSection(ProjectConfigurationPlatforms) = postSolution
		{B8F1B402-9CC3-4A7A-8C5C-A3AB3765296A}.Debug|Any CPU.ActiveCfg = Debug|Any CPU
		{B8F1B402-9CC3-4A7A-8C5C-A3AB3765296A}.Debug|Any CPU.Build.0 = Debug|Any CPU
		{B8F1B402-9CC3-4A7A-8C5C-A3AB3765296A}.Release|Any CPU.ActiveCfg = Release|Any CPU
		{B8F1B402-9CC3-4A7A-8C5C-A3AB3765296A}.Release|Any CPU.Build.0 = Release|Any CPU
		{49144E11-39F3-40C6-B4B0-2A69338B1888}.Debug|Any CPU.ActiveCfg = Debug|Any CPU
		{49144E11-39F3-40C6-B4B0-2A69338B1888}.Debug|Any CPU.Build.0 = Debug|Any CPU
		{49144E11-39F3-40C6-B4B0-2A69338B1888}.Release|Any CPU.ActiveCfg = Release|Any CPU
		{49144E11-39F3-40C6-B4B0-2A69338B1888}.Release|Any CPU.Build.0 = Release|Any CPU
		{1490B6CC-B47B-4F7E-A449-74A789C8D038}.Debug|Any CPU.ActiveCfg = Debug|Any CPU
		{1490B6CC-B47B-4F7E-A449-74A789C8D038}.Debug|Any CPU.Build.0 = Debug|Any CPU
		{1490B6CC-B47B-4F7E-A449-74A789C8D038}.Release|Any CPU.ActiveCfg = Release|Any CPU
		{1490B6CC-B47B-4F7E-A449-74A789C8D038}.Release|Any CPU.Build.0 = Release|Any CPU
		{FA001340-49AE-43CF-9E24-B0726CABC727}.Debug|Any CPU.ActiveCfg = Debug|Any CPU
		{FA001340-49AE-43CF-9E24-B0726CABC727}.Debug|Any CPU.Build.0 = Debug|Any CPU
		{FA001340-49AE-43CF-9E24-B0726CABC727}.Release|Any CPU.ActiveCfg = Release|Any CPU
		{FA001340-49AE-43CF-9E24-B0726CABC727}.Release|Any CPU.Build.0 = Release|Any CPU
		{0C44F2B3-C559-4C9D-BBB3-6073B9031377}.Debug|Any CPU.ActiveCfg = Debug|Any CPU
		{0C44F2B3-C559-4C9D-BBB3-6073B9031377}.Debug|Any CPU.Build.0 = Debug|Any CPU
		{0C44F2B3-C559-4C9D-BBB3-6073B9031377}.Release|Any CPU.ActiveCfg = Release|Any CPU
		{0C44F2B3-C559-4C9D-BBB3-6073B9031377}.Release|Any CPU.Build.0 = Release|Any CPU
	EndGlobalSection
	GlobalSection(SolutionProperties) = preSolution
		HideSolutionNode = FALSE
	EndGlobalSection
	GlobalSection(ExtensibilityGlobals) = postSolution
		SolutionGuid = {375CDA00-D649-4CE3-9FA8-42B09EE427EE}
	EndGlobalSection
EndGlobal
